
Microsoft Visual Studio Solution File, Format Version 12.00
# Visual Studio 14
VisualStudioVersion = 14.0.25420.1
MinimumVisualStudioVersion = 10.0.40219.1
Project("{2150E333-8FDC-42A3-9474-1A3956D46DE8}") = "Source", "Source", "{F06B7C95-26DF-4C9A-9770-C49C39F57E22}"
EndProject
Project("{2150E333-8FDC-42A3-9474-1A3956D46DE8}") = "Package", "Package", "{FEC5EEDA-0206-420C-ACEB-3351CC414E60}"
EndProject
Project("{2150E333-8FDC-42A3-9474-1A3956D46DE8}") = "SomeKit.REST", "SomeKit.REST", "{38C55B4C-7DF4-4184-8C1F-3D2EFB2BFD39}"
EndProject
Project("{2150E333-8FDC-42A3-9474-1A3956D46DE8}") = "DotNet Core", "DotNet Core", "{EB3B01F1-15E6-4BE6-95B8-DED57E2CB76D}"
EndProject
Project("{2150E333-8FDC-42A3-9474-1A3956D46DE8}") = "Portable", "Portable", "{1716ACCE-302D-494D-AED7-605DF89DCA6C}"
EndProject
Project("{2150E333-8FDC-42A3-9474-1A3956D46DE8}") = "Solution Items", "Solution Items", "{4B36C5E1-46DC-4BE9-9AAA-9C2E53ECF230}"
	ProjectSection(SolutionItems) = preProject
		Build.ps1 = Build.ps1
	EndProjectSection
EndProject
Project("{2150E333-8FDC-42A3-9474-1A3956D46DE8}") = "SomeKit.Cryptography", "SomeKit.Cryptography", "{B77DE530-442D-40E3-AEFE-7DD5AF1F32BD}"
EndProject
Project("{FAE04EC0-301F-11D3-BF4B-00C04F79EFBC}") = "SomeKit.Cryptography", "Source\SomeKit.Cryptography\SomeKit.Cryptography (.Net)\SomeKit.Cryptography.csproj", "{105CF8B1-5CF1-4F29-A86E-FE67A46A17EF}"
EndProject
Project("{FAE04EC0-301F-11D3-BF4B-00C04F79EFBC}") = "SomeKit.REST", "Source\SomeKit.REST\Portable\SomeKit (Portable)\SomeKit.REST.csproj", "{4DAEC876-50A4-4829-A8E9-6D74F84D6F0C}"
EndProject
Project("{8BB2217D-0F2D-49D1-97BC-3654ED321F3B}") = "SomeKit.REST", "Source\SomeKit.REST\DotNet Core\SomeKit.REST.DotnetCore\SomeKit.REST.xproj", "{0B319737-94A7-4B0A-ABD5-BD470BAE6326}"
EndProject
Project("{2150E333-8FDC-42A3-9474-1A3956D46DE8}") = "DotNet", "DotNet", "{9906F4F2-87B9-47A7-8B3A-BD91677B3833}"
EndProject
Global
	GlobalSection(SolutionConfigurationPlatforms) = preSolution
		Debug|Any CPU = Debug|Any CPU
		Release|Any CPU = Release|Any CPU
	EndGlobalSection
	GlobalSection(ProjectConfigurationPlatforms) = postSolution
		{105CF8B1-5CF1-4F29-A86E-FE67A46A17EF}.Debug|Any CPU.ActiveCfg = Debug|Any CPU
		{105CF8B1-5CF1-4F29-A86E-FE67A46A17EF}.Debug|Any CPU.Build.0 = Debug|Any CPU
		{105CF8B1-5CF1-4F29-A86E-FE67A46A17EF}.Release|Any CPU.ActiveCfg = Release|Any CPU
		{105CF8B1-5CF1-4F29-A86E-FE67A46A17EF}.Release|Any CPU.Build.0 = Release|Any CPU
		{4DAEC876-50A4-4829-A8E9-6D74F84D6F0C}.Debug|Any CPU.ActiveCfg = Debug|Any CPU
		{4DAEC876-50A4-4829-A8E9-6D74F84D6F0C}.Debug|Any CPU.Build.0 = Debug|Any CPU
		{4DAEC876-50A4-4829-A8E9-6D74F84D6F0C}.Release|Any CPU.ActiveCfg = Release|Any CPU
		{4DAEC876-50A4-4829-A8E9-6D74F84D6F0C}.Release|Any CPU.Build.0 = Release|Any CPU
		{0B319737-94A7-4B0A-ABD5-BD470BAE6326}.Debug|Any CPU.ActiveCfg = Debug|Any CPU
		{0B319737-94A7-4B0A-ABD5-BD470BAE6326}.Debug|Any CPU.Build.0 = Debug|Any CPU
		{0B319737-94A7-4B0A-ABD5-BD470BAE6326}.Release|Any CPU.ActiveCfg = Release|Any CPU
		{0B319737-94A7-4B0A-ABD5-BD470BAE6326}.Release|Any CPU.Build.0 = Release|Any CPU
	EndGlobalSection
	GlobalSection(SolutionProperties) = preSolution
		HideSolutionNode = FALSE
	EndGlobalSection
	GlobalSection(NestedProjects) = preSolution
		{38C55B4C-7DF4-4184-8C1F-3D2EFB2BFD39} = {F06B7C95-26DF-4C9A-9770-C49C39F57E22}
		{EB3B01F1-15E6-4BE6-95B8-DED57E2CB76D} = {38C55B4C-7DF4-4184-8C1F-3D2EFB2BFD39}
		{1716ACCE-302D-494D-AED7-605DF89DCA6C} = {38C55B4C-7DF4-4184-8C1F-3D2EFB2BFD39}
		{B77DE530-442D-40E3-AEFE-7DD5AF1F32BD} = {F06B7C95-26DF-4C9A-9770-C49C39F57E22}
		{105CF8B1-5CF1-4F29-A86E-FE67A46A17EF} = {9906F4F2-87B9-47A7-8B3A-BD91677B3833}
		{4DAEC876-50A4-4829-A8E9-6D74F84D6F0C} = {1716ACCE-302D-494D-AED7-605DF89DCA6C}
		{0B319737-94A7-4B0A-ABD5-BD470BAE6326} = {EB3B01F1-15E6-4BE6-95B8-DED57E2CB76D}
		{9906F4F2-87B9-47A7-8B3A-BD91677B3833} = {B77DE530-442D-40E3-AEFE-7DD5AF1F32BD}
	EndGlobalSection
EndGlobal
